
Microsoft Visual Studio Solution File, Format Version 12.00
# Visual Studio Version 17
VisualStudioVersion = 17.5.33516.290
MinimumVisualStudioVersion = 10.0.40219.1
Project("{FAE04EC0-301F-11D3-BF4B-00C04F79EFBC}") = "Mp3Player", "Mp3Player.csproj", "{F391E9F6-74DD-4B48-937F-60DB0A473FBD}"
EndProject
Global
	GlobalSection(SolutionConfigurationPlatforms) = preSolution
		Debug|Any CPU = Debug|Any CPU
		Release|Any CPU = Release|Any CPU
	EndGlobalSection
	GlobalSection(ProjectConfigurationPlatforms) = postSolution
		{F391E9F6-74DD-4B48-937F-60DB0A473FBD}.Debug|Any CPU.ActiveCfg = Debug|Any CPU
		{F391E9F6-74DD-4B48-937F-60DB0A473FBD}.Debug|Any CPU.Build.0 = Debug|Any CPU
		{F391E9F6-74DD-4B48-937F-60DB0A473FBD}.Release|Any CPU.ActiveCfg = Release|Any CPU
		{F391E9F6-74DD-4B48-937F-60DB0A473FBD}.Release|Any CPU.Build.0 = Release|Any CPU
	EndGlobalSection
	GlobalSection(SolutionProperties) = preSolution
		HideSolutionNode = FALSE
	EndGlobalSection
	GlobalSection(ExtensibilityGlobals) = postSolution
		SolutionGuid = {80052D59-95DD-448A-912C-35CB40DA42E3}
	EndGlobalSection
EndGlobal
